
Microsoft Visual Studio Solution File, Format Version 9.00
# Visual Studio 2005
Project("{8BC9CEB8-8B4A-11D0-8D11-00A0C91BC942}") = "SyntaxParser", "SyntaxParser\SyntaxParser.vcproj", "{44228F87-1D4E-4B06-BAA7-E4EC7D88561C}"
EndProject
Global
	GlobalSection(SolutionConfigurationPlatforms) = preSolution
		Debug|Win32 = Debug|Win32
		Release|Win32 = Release|Win32
	EndGlobalSection
	GlobalSection(ProjectConfigurationPlatforms) = postSolution
		{44228F87-1D4E-4B06-BAA7-E4EC7D88561C}.Debug|Win32.ActiveCfg = Debug|Win32
		{44228F87-1D4E-4B06-BAA7-E4EC7D88561C}.Debug|Win32.Build.0 = Debug|Win32
		{44228F87-1D4E-4B06-BAA7-E4EC7D88561C}.Release|Win32.ActiveCfg = Release|Win32
		{44228F87-1D4E-4B06-BAA7-E4EC7D88561C}.Release|Win32.Build.0 = Release|Win32
	EndGlobalSection
	GlobalSection(SolutionProperties) = preSolution
		HideSolutionNode = FALSE
	EndGlobalSection
EndGlobal
