
Microsoft Visual Studio Solution File, Format Version 10.00
# Visual Studio 2008
Project("{8BC9CEB8-8B4A-11D0-8D11-00A0C91BC942}") = "SyntaxParserDLL", "SyntaxParserDLL\SyntaxParserDLL.vcproj", "{B0581DE2-1B7F-4711-BFCE-7662F35E3678}"
EndProject
Project("{FAE04EC0-301F-11D3-BF4B-00C04F79EFBC}") = "CFGViewer", "CFGViewer\CFGViewer.csproj", "{BB3E1891-E88C-48A3-885E-3AAA4A642DC0}"
EndProject
Project("{8BC9CEB8-8B4A-11D0-8D11-00A0C91BC942}") = "ParserDotNetBridge", "ParserDotNetBridge\ParserDotNetBridge.vcproj", "{18BA556D-6D89-4A71-BED4-60CBCF31F105}"
	ProjectSection(ProjectDependencies) = postProject
		{D32E1F03-EBF9-43B4-9EFC-D8CE3D7560AD} = {D32E1F03-EBF9-43B4-9EFC-D8CE3D7560AD}
		{B0581DE2-1B7F-4711-BFCE-7662F35E3678} = {B0581DE2-1B7F-4711-BFCE-7662F35E3678}
	EndProjectSection
EndProject
Project("{8BC9CEB8-8B4A-11D0-8D11-00A0C91BC942}") = "CFGGen", "CFGGen\CFGGen.vcproj", "{D32E1F03-EBF9-43B4-9EFC-D8CE3D7560AD}"
	ProjectSection(ProjectDependencies) = postProject
		{B0581DE2-1B7F-4711-BFCE-7662F35E3678} = {B0581DE2-1B7F-4711-BFCE-7662F35E3678}
	EndProjectSection
EndProject
Project("{54435603-DBB4-11D2-8724-00A0C9A8B90C}") = "MCFromCSetup", "MCFromCSetup\MCFromCSetup.vdproj", "{DF5FF336-E72B-4C74-A54C-0C85E64E6224}"
EndProject
Global
	GlobalSection(SolutionConfigurationPlatforms) = preSolution
		Debug|Any CPU = Debug|Any CPU
		Debug|Mixed Platforms = Debug|Mixed Platforms
		Debug|Win32 = Debug|Win32
		Release|Any CPU = Release|Any CPU
		Release|Mixed Platforms = Release|Mixed Platforms
		Release|Win32 = Release|Win32
	EndGlobalSection
	GlobalSection(ProjectConfigurationPlatforms) = postSolution
		{B0581DE2-1B7F-4711-BFCE-7662F35E3678}.Debug|Any CPU.ActiveCfg = Debug|Win32
		{B0581DE2-1B7F-4711-BFCE-7662F35E3678}.Debug|Mixed Platforms.ActiveCfg = Debug|Win32
		{B0581DE2-1B7F-4711-BFCE-7662F35E3678}.Debug|Mixed Platforms.Build.0 = Debug|Win32
		{B0581DE2-1B7F-4711-BFCE-7662F35E3678}.Debug|Win32.ActiveCfg = Debug|Win32
		{B0581DE2-1B7F-4711-BFCE-7662F35E3678}.Debug|Win32.Build.0 = Debug|Win32
		{B0581DE2-1B7F-4711-BFCE-7662F35E3678}.Release|Any CPU.ActiveCfg = Release|Win32
		{B0581DE2-1B7F-4711-BFCE-7662F35E3678}.Release|Mixed Platforms.ActiveCfg = Release|Win32
		{B0581DE2-1B7F-4711-BFCE-7662F35E3678}.Release|Mixed Platforms.Build.0 = Release|Win32
		{B0581DE2-1B7F-4711-BFCE-7662F35E3678}.Release|Win32.ActiveCfg = Release|Win32
		{B0581DE2-1B7F-4711-BFCE-7662F35E3678}.Release|Win32.Build.0 = Release|Win32
		{BB3E1891-E88C-48A3-885E-3AAA4A642DC0}.Debug|Any CPU.ActiveCfg = Debug|Any CPU
		{BB3E1891-E88C-48A3-885E-3AAA4A642DC0}.Debug|Any CPU.Build.0 = Debug|Any CPU
		{BB3E1891-E88C-48A3-885E-3AAA4A642DC0}.Debug|Mixed Platforms.ActiveCfg = Debug|Any CPU
		{BB3E1891-E88C-48A3-885E-3AAA4A642DC0}.Debug|Mixed Platforms.Build.0 = Debug|Any CPU
		{BB3E1891-E88C-48A3-885E-3AAA4A642DC0}.Debug|Win32.ActiveCfg = Debug|Any CPU
		{BB3E1891-E88C-48A3-885E-3AAA4A642DC0}.Debug|Win32.Build.0 = Debug|Any CPU
		{BB3E1891-E88C-48A3-885E-3AAA4A642DC0}.Release|Any CPU.ActiveCfg = Release|Any CPU
		{BB3E1891-E88C-48A3-885E-3AAA4A642DC0}.Release|Any CPU.Build.0 = Release|Any CPU
		{BB3E1891-E88C-48A3-885E-3AAA4A642DC0}.Release|Mixed Platforms.ActiveCfg = Release|Any CPU
		{BB3E1891-E88C-48A3-885E-3AAA4A642DC0}.Release|Mixed Platforms.Build.0 = Release|Any CPU
		{BB3E1891-E88C-48A3-885E-3AAA4A642DC0}.Release|Win32.ActiveCfg = Release|Any CPU
		{BB3E1891-E88C-48A3-885E-3AAA4A642DC0}.Release|Win32.Build.0 = Release|Any CPU
		{18BA556D-6D89-4A71-BED4-60CBCF31F105}.Debug|Any CPU.ActiveCfg = Debug|Win32
		{18BA556D-6D89-4A71-BED4-60CBCF31F105}.Debug|Mixed Platforms.ActiveCfg = Debug|Win32
		{18BA556D-6D89-4A71-BED4-60CBCF31F105}.Debug|Mixed Platforms.Build.0 = Debug|Win32
		{18BA556D-6D89-4A71-BED4-60CBCF31F105}.Debug|Win32.ActiveCfg = Debug|Win32
		{18BA556D-6D89-4A71-BED4-60CBCF31F105}.Debug|Win32.Build.0 = Debug|Win32
		{18BA556D-6D89-4A71-BED4-60CBCF31F105}.Release|Any CPU.ActiveCfg = Release|Win32
		{18BA556D-6D89-4A71-BED4-60CBCF31F105}.Release|Mixed Platforms.ActiveCfg = Release|Win32
		{18BA556D-6D89-4A71-BED4-60CBCF31F105}.Release|Mixed Platforms.Build.0 = Release|Win32
		{18BA556D-6D89-4A71-BED4-60CBCF31F105}.Release|Win32.ActiveCfg = Release|Win32
		{18BA556D-6D89-4A71-BED4-60CBCF31F105}.Release|Win32.Build.0 = Release|Win32
		{D32E1F03-EBF9-43B4-9EFC-D8CE3D7560AD}.Debug|Any CPU.ActiveCfg = Debug|Win32
		{D32E1F03-EBF9-43B4-9EFC-D8CE3D7560AD}.Debug|Mixed Platforms.ActiveCfg = Debug|Win32
		{D32E1F03-EBF9-43B4-9EFC-D8CE3D7560AD}.Debug|Mixed Platforms.Build.0 = Debug|Win32
		{D32E1F03-EBF9-43B4-9EFC-D8CE3D7560AD}.Debug|Win32.ActiveCfg = Debug|Win32
		{D32E1F03-EBF9-43B4-9EFC-D8CE3D7560AD}.Debug|Win32.Build.0 = Debug|Win32
		{D32E1F03-EBF9-43B4-9EFC-D8CE3D7560AD}.Release|Any CPU.ActiveCfg = Release|Win32
		{D32E1F03-EBF9-43B4-9EFC-D8CE3D7560AD}.Release|Mixed Platforms.ActiveCfg = Release|Win32
		{D32E1F03-EBF9-43B4-9EFC-D8CE3D7560AD}.Release|Mixed Platforms.Build.0 = Release|Win32
		{D32E1F03-EBF9-43B4-9EFC-D8CE3D7560AD}.Release|Win32.ActiveCfg = Release|Win32
		{D32E1F03-EBF9-43B4-9EFC-D8CE3D7560AD}.Release|Win32.Build.0 = Release|Win32
		{DF5FF336-E72B-4C74-A54C-0C85E64E6224}.Debug|Any CPU.ActiveCfg = Debug
		{DF5FF336-E72B-4C74-A54C-0C85E64E6224}.Debug|Mixed Platforms.ActiveCfg = Debug
		{DF5FF336-E72B-4C74-A54C-0C85E64E6224}.Debug|Win32.ActiveCfg = Debug
		{DF5FF336-E72B-4C74-A54C-0C85E64E6224}.Release|Any CPU.ActiveCfg = Release
		{DF5FF336-E72B-4C74-A54C-0C85E64E6224}.Release|Mixed Platforms.ActiveCfg = Release
		{DF5FF336-E72B-4C74-A54C-0C85E64E6224}.Release|Win32.ActiveCfg = Release
		{DF5FF336-E72B-4C74-A54C-0C85E64E6224}.Release|Win32.Build.0 = Release
	EndGlobalSection
	GlobalSection(SolutionProperties) = preSolution
		HideSolutionNode = FALSE
	EndGlobalSection
EndGlobal
