
Microsoft Visual Studio Solution File, Format Version 9.00
# Visual Studio 2005
Project("{8BC9CEB8-8B4A-11D0-8D11-00A0C91BC942}") = "SyntaxParser", "SyntaxParser\SyntaxParser.vcproj", "{44228F87-1D4E-4B06-BAA7-E4EC7D88561C}"
	ProjectSection(WebsiteProperties) = preProject
		Debug.AspNetCompiler.Debug = "True"
		Release.AspNetCompiler.Debug = "False"
	EndProjectSection
EndProject
Project("{8BC9CEB8-8B4A-11D0-8D11-00A0C91BC942}") = "SyntaxParserDLL", "SyntaxParserDLL\SyntaxParserDLL.vcproj", "{B0581DE2-1B7F-4711-BFCE-7662F35E3678}"
	ProjectSection(WebsiteProperties) = preProject
		Debug.AspNetCompiler.Debug = "True"
		Release.AspNetCompiler.Debug = "False"
	EndProjectSection
EndProject
Project("{8BC9CEB8-8B4A-11D0-8D11-00A0C91BC942}") = "CPPParser", "CPPParser\CPPParser.vcproj", "{D32E1F03-EBF9-43B4-9EFC-D8CE3D7560AD}"
	ProjectSection(WebsiteProperties) = preProject
		Debug.AspNetCompiler.Debug = "True"
		Release.AspNetCompiler.Debug = "False"
	EndProjectSection
EndProject
Global
	GlobalSection(SolutionConfigurationPlatforms) = preSolution
		Debug|Win32 = Debug|Win32
		Release|Win32 = Release|Win32
	EndGlobalSection
	GlobalSection(ProjectConfigurationPlatforms) = postSolution
		{44228F87-1D4E-4B06-BAA7-E4EC7D88561C}.Debug|Win32.ActiveCfg = Debug|Win32
		{44228F87-1D4E-4B06-BAA7-E4EC7D88561C}.Debug|Win32.Build.0 = Debug|Win32
		{44228F87-1D4E-4B06-BAA7-E4EC7D88561C}.Release|Win32.ActiveCfg = Release|Win32
		{44228F87-1D4E-4B06-BAA7-E4EC7D88561C}.Release|Win32.Build.0 = Release|Win32
		{B0581DE2-1B7F-4711-BFCE-7662F35E3678}.Debug|Win32.ActiveCfg = Debug|Win32
		{B0581DE2-1B7F-4711-BFCE-7662F35E3678}.Debug|Win32.Build.0 = Debug|Win32
		{B0581DE2-1B7F-4711-BFCE-7662F35E3678}.Release|Win32.ActiveCfg = Release|Win32
		{B0581DE2-1B7F-4711-BFCE-7662F35E3678}.Release|Win32.Build.0 = Release|Win32
		{D32E1F03-EBF9-43B4-9EFC-D8CE3D7560AD}.Debug|Win32.ActiveCfg = Debug|Win32
		{D32E1F03-EBF9-43B4-9EFC-D8CE3D7560AD}.Debug|Win32.Build.0 = Debug|Win32
		{D32E1F03-EBF9-43B4-9EFC-D8CE3D7560AD}.Release|Win32.ActiveCfg = Release|Win32
		{D32E1F03-EBF9-43B4-9EFC-D8CE3D7560AD}.Release|Win32.Build.0 = Release|Win32
	EndGlobalSection
	GlobalSection(SolutionProperties) = preSolution
		HideSolutionNode = FALSE
	EndGlobalSection
EndGlobal
